
Microsoft Visual Studio Solution File, Format Version 12.00
# Visual Studio Version 17
VisualStudioVersion = 17.0.31903.59
MinimumVisualStudioVersion = 10.0.40219.1
Project("{2150E333-8FDC-42A3-9474-1A3956D46DE8}") = "src", "src", "{827E0CD3-B72D-47B6-A68D-7590B98EB39B}"
EndProject
Project("{FAE04EC0-301F-11D3-BF4B-00C04F79EFBC}") = "Commerce.Api", "src\Commerce.Api\Commerce.Api.csproj", "{A29C1CBB-B0C5-4B19-A979-3B03BE76E4F7}"
EndProject
Project("{FAE04EC0-301F-11D3-BF4B-00C04F79EFBC}") = "Commerce.Application", "src\Commerce.Application\Commerce.Application.csproj", "{DCFA6B2B-8FA0-4DF6-B501-CF0B22DB4355}"
EndProject
Project("{FAE04EC0-301F-11D3-BF4B-00C04F79EFBC}") = "Commerce.Domain", "src\Commerce.Domain\Commerce.Domain.csproj", "{AA2D2FD8-7CEE-4F3A-A68A-5DD39B53A94C}"
EndProject
Project("{FAE04EC0-301F-11D3-BF4B-00C04F79EFBC}") = "Commerce.Infrastructure", "src\Commerce.Infrastructure\Commerce.Infrastructure.csproj", "{15664290-0B22-4049-ACD9-B4F0E9D23DCB}"
EndProject
Project("{FAE04EC0-301F-11D3-BF4B-00C04F79EFBC}") = "Commerce.Shared", "src\Commerce.Shared\Commerce.Shared.csproj", "{1C6955A2-04EB-4B14-83C8-E7C5FE43CF77}"
EndProject
Project("{2150E333-8FDC-42A3-9474-1A3956D46DE8}") = "tests", "tests", "{0AB3BF05-4346-4AA6-1389-037BE0695223}"
EndProject
Project("{FAE04EC0-301F-11D3-BF4B-00C04F79EFBC}") = "Commerce.Api.Tests", "tests\Commerce.Api.Tests\Commerce.Api.Tests.csproj", "{D86E599C-4691-4EDE-9763-1A66CF294BDC}"
EndProject
Project("{FAE04EC0-301F-11D3-BF4B-00C04F79EFBC}") = "Commerce.Application.Tests", "tests\Commerce.Application.Tests\Commerce.Application.Tests.csproj", "{3AA7AC41-CB4F-4B70-A838-F2DF05A965C9}"
EndProject
Project("{FAE04EC0-301F-11D3-BF4B-00C04F79EFBC}") = "Commerce.Domain.Tests", "tests\Commerce.Domain.Tests\Commerce.Domain.Tests.csproj", "{5B212D23-3456-4803-BA59-5A3DD2BC34BF}"
EndProject
Project("{FAE04EC0-301F-11D3-BF4B-00C04F79EFBC}") = "Commerce.Infrastructure.Tests", "tests\Commerce.Infrastructure.Tests\Commerce.Infrastructure.Tests.csproj", "{133DDC03-5985-4442-97DC-F193388FAEE0}"
EndProject
Project("{FAE04EC0-301F-11D3-BF4B-00C04F79EFBC}") = "Commerce.IntegrationTests", "tests\Commerce.IntegrationTests\Commerce.IntegrationTests.csproj", "{A74C5B01-72EA-4B91-81A5-16C55A80F118}"
EndProject
Global
	GlobalSection(SolutionConfigurationPlatforms) = preSolution
		Debug|Any CPU = Debug|Any CPU
		Debug|x64 = Debug|x64
		Debug|x86 = Debug|x86
		Release|Any CPU = Release|Any CPU
		Release|x64 = Release|x64
		Release|x86 = Release|x86
	EndGlobalSection
	GlobalSection(ProjectConfigurationPlatforms) = postSolution
		{A29C1CBB-B0C5-4B19-A979-3B03BE76E4F7}.Debug|Any CPU.ActiveCfg = Debug|Any CPU
		{A29C1CBB-B0C5-4B19-A979-3B03BE76E4F7}.Debug|Any CPU.Build.0 = Debug|Any CPU
		{A29C1CBB-B0C5-4B19-A979-3B03BE76E4F7}.Debug|x64.ActiveCfg = Debug|Any CPU
		{A29C1CBB-B0C5-4B19-A979-3B03BE76E4F7}.Debug|x64.Build.0 = Debug|Any CPU
		{A29C1CBB-B0C5-4B19-A979-3B03BE76E4F7}.Debug|x86.ActiveCfg = Debug|Any CPU
		{A29C1CBB-B0C5-4B19-A979-3B03BE76E4F7}.Debug|x86.Build.0 = Debug|Any CPU
		{A29C1CBB-B0C5-4B19-A979-3B03BE76E4F7}.Release|Any CPU.ActiveCfg = Release|Any CPU
		{A29C1CBB-B0C5-4B19-A979-3B03BE76E4F7}.Release|Any CPU.Build.0 = Release|Any CPU
		{A29C1CBB-B0C5-4B19-A979-3B03BE76E4F7}.Release|x64.ActiveCfg = Release|Any CPU
		{A29C1CBB-B0C5-4B19-A979-3B03BE76E4F7}.Release|x64.Build.0 = Release|Any CPU
		{A29C1CBB-B0C5-4B19-A979-3B03BE76E4F7}.Release|x86.ActiveCfg = Release|Any CPU
		{A29C1CBB-B0C5-4B19-A979-3B03BE76E4F7}.Release|x86.Build.0 = Release|Any CPU
		{DCFA6B2B-8FA0-4DF6-B501-CF0B22DB4355}.Debug|Any CPU.ActiveCfg = Debug|Any CPU
		{DCFA6B2B-8FA0-4DF6-B501-CF0B22DB4355}.Debug|Any CPU.Build.0 = Debug|Any CPU
		{DCFA6B2B-8FA0-4DF6-B501-CF0B22DB4355}.Debug|x64.ActiveCfg = Debug|Any CPU
		{DCFA6B2B-8FA0-4DF6-B501-CF0B22DB4355}.Debug|x64.Build.0 = Debug|Any CPU
		{DCFA6B2B-8FA0-4DF6-B501-CF0B22DB4355}.Debug|x86.ActiveCfg = Debug|Any CPU
		{DCFA6B2B-8FA0-4DF6-B501-CF0B22DB4355}.Debug|x86.Build.0 = Debug|Any CPU
		{DCFA6B2B-8FA0-4DF6-B501-CF0B22DB4355}.Release|Any CPU.ActiveCfg = Release|Any CPU
		{DCFA6B2B-8FA0-4DF6-B501-CF0B22DB4355}.Release|Any CPU.Build.0 = Release|Any CPU
		{DCFA6B2B-8FA0-4DF6-B501-CF0B22DB4355}.Release|x64.ActiveCfg = Release|Any CPU
		{DCFA6B2B-8FA0-4DF6-B501-CF0B22DB4355}.Release|x64.Build.0 = Release|Any CPU
		{DCFA6B2B-8FA0-4DF6-B501-CF0B22DB4355}.Release|x86.ActiveCfg = Release|Any CPU
		{DCFA6B2B-8FA0-4DF6-B501-CF0B22DB4355}.Release|x86.Build.0 = Release|Any CPU
		{AA2D2FD8-7CEE-4F3A-A68A-5DD39B53A94C}.Debug|Any CPU.ActiveCfg = Debug|Any CPU
		{AA2D2FD8-7CEE-4F3A-A68A-5DD39B53A94C}.Debug|Any CPU.Build.0 = Debug|Any CPU
		{AA2D2FD8-7CEE-4F3A-A68A-5DD39B53A94C}.Debug|x64.ActiveCfg = Debug|Any CPU
		{AA2D2FD8-7CEE-4F3A-A68A-5DD39B53A94C}.Debug|x64.Build.0 = Debug|Any CPU
		{AA2D2FD8-7CEE-4F3A-A68A-5DD39B53A94C}.Debug|x86.ActiveCfg = Debug|Any CPU
		{AA2D2FD8-7CEE-4F3A-A68A-5DD39B53A94C}.Debug|x86.Build.0 = Debug|Any CPU
		{AA2D2FD8-7CEE-4F3A-A68A-5DD39B53A94C}.Release|Any CPU.ActiveCfg = Release|Any CPU
		{AA2D2FD8-7CEE-4F3A-A68A-5DD39B53A94C}.Release|Any CPU.Build.0 = Release|Any CPU
		{AA2D2FD8-7CEE-4F3A-A68A-5DD39B53A94C}.Release|x64.ActiveCfg = Release|Any CPU
		{AA2D2FD8-7CEE-4F3A-A68A-5DD39B53A94C}.Release|x64.Build.0 = Release|Any CPU
		{AA2D2FD8-7CEE-4F3A-A68A-5DD39B53A94C}.Release|x86.ActiveCfg = Release|Any CPU
		{AA2D2FD8-7CEE-4F3A-A68A-5DD39B53A94C}.Release|x86.Build.0 = Release|Any CPU
		{15664290-0B22-4049-ACD9-B4F0E9D23DCB}.Debug|Any CPU.ActiveCfg = Debug|Any CPU
		{15664290-0B22-4049-ACD9-B4F0E9D23DCB}.Debug|Any CPU.Build.0 = Debug|Any CPU
		{15664290-0B22-4049-ACD9-B4F0E9D23DCB}.Debug|x64.ActiveCfg = Debug|Any CPU
		{15664290-0B22-4049-ACD9-B4F0E9D23DCB}.Debug|x64.Build.0 = Debug|Any CPU
		{15664290-0B22-4049-ACD9-B4F0E9D23DCB}.Debug|x86.ActiveCfg = Debug|Any CPU
		{15664290-0B22-4049-ACD9-B4F0E9D23DCB}.Debug|x86.Build.0 = Debug|Any CPU
		{15664290-0B22-4049-ACD9-B4F0E9D23DCB}.Release|Any CPU.ActiveCfg = Release|Any CPU
		{15664290-0B22-4049-ACD9-B4F0E9D23DCB}.Release|Any CPU.Build.0 = Release|Any CPU
		{15664290-0B22-4049-ACD9-B4F0E9D23DCB}.Release|x64.ActiveCfg = Release|Any CPU
		{15664290-0B22-4049-ACD9-B4F0E9D23DCB}.Release|x64.Build.0 = Release|Any CPU
		{15664290-0B22-4049-ACD9-B4F0E9D23DCB}.Release|x86.ActiveCfg = Release|Any CPU
		{15664290-0B22-4049-ACD9-B4F0E9D23DCB}.Release|x86.Build.0 = Release|Any CPU
		{1C6955A2-04EB-4B14-83C8-E7C5FE43CF77}.Debug|Any CPU.ActiveCfg = Debug|Any CPU
		{1C6955A2-04EB-4B14-83C8-E7C5FE43CF77}.Debug|Any CPU.Build.0 = Debug|Any CPU
		{1C6955A2-04EB-4B14-83C8-E7C5FE43CF77}.Debug|x64.ActiveCfg = Debug|Any CPU
		{1C6955A2-04EB-4B14-83C8-E7C5FE43CF77}.Debug|x64.Build.0 = Debug|Any CPU
		{1C6955A2-04EB-4B14-83C8-E7C5FE43CF77}.Debug|x86.ActiveCfg = Debug|Any CPU
		{1C6955A2-04EB-4B14-83C8-E7C5FE43CF77}.Debug|x86.Build.0 = Debug|Any CPU
		{1C6955A2-04EB-4B14-83C8-E7C5FE43CF77}.Release|Any CPU.ActiveCfg = Release|Any CPU
		{1C6955A2-04EB-4B14-83C8-E7C5FE43CF77}.Release|Any CPU.Build.0 = Release|Any CPU
		{1C6955A2-04EB-4B14-83C8-E7C5FE43CF77}.Release|x64.ActiveCfg = Release|Any CPU
		{1C6955A2-04EB-4B14-83C8-E7C5FE43CF77}.Release|x64.Build.0 = Release|Any CPU
		{1C6955A2-04EB-4B14-83C8-E7C5FE43CF77}.Release|x86.ActiveCfg = Release|Any CPU
		{1C6955A2-04EB-4B14-83C8-E7C5FE43CF77}.Release|x86.Build.0 = Release|Any CPU
		{D86E599C-4691-4EDE-9763-1A66CF294BDC}.Debug|Any CPU.ActiveCfg = Debug|Any CPU
		{D86E599C-4691-4EDE-9763-1A66CF294BDC}.Debug|Any CPU.Build.0 = Debug|Any CPU
		{D86E599C-4691-4EDE-9763-1A66CF294BDC}.Debug|x64.ActiveCfg = Debug|Any CPU
		{D86E599C-4691-4EDE-9763-1A66CF294BDC}.Debug|x64.Build.0 = Debug|Any CPU
		{D86E599C-4691-4EDE-9763-1A66CF294BDC}.Debug|x86.ActiveCfg = Debug|Any CPU
		{D86E599C-4691-4EDE-9763-1A66CF294BDC}.Debug|x86.Build.0 = Debug|Any CPU
		{D86E599C-4691-4EDE-9763-1A66CF294BDC}.Release|Any CPU.ActiveCfg = Release|Any CPU
		{D86E599C-4691-4EDE-9763-1A66CF294BDC}.Release|Any CPU.Build.0 = Release|Any CPU
		{D86E599C-4691-4EDE-9763-1A66CF294BDC}.Release|x64.ActiveCfg = Release|Any CPU
		{D86E599C-4691-4EDE-9763-1A66CF294BDC}.Release|x64.Build.0 = Release|Any CPU
		{D86E599C-4691-4EDE-9763-1A66CF294BDC}.Release|x86.ActiveCfg = Release|Any CPU
		{D86E599C-4691-4EDE-9763-1A66CF294BDC}.Release|x86.Build.0 = Release|Any CPU
		{3AA7AC41-CB4F-4B70-A838-F2DF05A965C9}.Debug|Any CPU.ActiveCfg = Debug|Any CPU
		{3AA7AC41-CB4F-4B70-A838-F2DF05A965C9}.Debug|Any CPU.Build.0 = Debug|Any CPU
		{3AA7AC41-CB4F-4B70-A838-F2DF05A965C9}.Debug|x64.ActiveCfg = Debug|Any CPU
		{3AA7AC41-CB4F-4B70-A838-F2DF05A965C9}.Debug|x64.Build.0 = Debug|Any CPU
		{3AA7AC41-CB4F-4B70-A838-F2DF05A965C9}.Debug|x86.ActiveCfg = Debug|Any CPU
		{3AA7AC41-CB4F-4B70-A838-F2DF05A965C9}.Debug|x86.Build.0 = Debug|Any CPU
		{3AA7AC41-CB4F-4B70-A838-F2DF05A965C9}.Release|Any CPU.ActiveCfg = Release|Any CPU
		{3AA7AC41-CB4F-4B70-A838-F2DF05A965C9}.Release|Any CPU.Build.0 = Release|Any CPU
		{3AA7AC41-CB4F-4B70-A838-F2DF05A965C9}.Release|x64.ActiveCfg = Release|Any CPU
		{3AA7AC41-CB4F-4B70-A838-F2DF05A965C9}.Release|x64.Build.0 = Release|Any CPU
		{3AA7AC41-CB4F-4B70-A838-F2DF05A965C9}.Release|x86.ActiveCfg = Release|Any CPU
		{3AA7AC41-CB4F-4B70-A838-F2DF05A965C9}.Release|x86.Build.0 = Release|Any CPU
		{5B212D23-3456-4803-BA59-5A3DD2BC34BF}.Debug|Any CPU.ActiveCfg = Debug|Any CPU
		{5B212D23-3456-4803-BA59-5A3DD2BC34BF}.Debug|Any CPU.Build.0 = Debug|Any CPU
		{5B212D23-3456-4803-BA59-5A3DD2BC34BF}.Debug|x64.ActiveCfg = Debug|Any CPU
		{5B212D23-3456-4803-BA59-5A3DD2BC34BF}.Debug|x64.Build.0 = Debug|Any CPU
		{5B212D23-3456-4803-BA59-5A3DD2BC34BF}.Debug|x86.ActiveCfg = Debug|Any CPU
		{5B212D23-3456-4803-BA59-5A3DD2BC34BF}.Debug|x86.Build.0 = Debug|Any CPU
		{5B212D23-3456-4803-BA59-5A3DD2BC34BF}.Release|Any CPU.ActiveCfg = Release|Any CPU
		{5B212D23-3456-4803-BA59-5A3DD2BC34BF}.Release|Any CPU.Build.0 = Release|Any CPU
		{5B212D23-3456-4803-BA59-5A3DD2BC34BF}.Release|x64.ActiveCfg = Release|Any CPU
		{5B212D23-3456-4803-BA59-5A3DD2BC34BF}.Release|x64.Build.0 = Release|Any CPU
		{5B212D23-3456-4803-BA59-5A3DD2BC34BF}.Release|x86.ActiveCfg = Release|Any CPU
		{5B212D23-3456-4803-BA59-5A3DD2BC34BF}.Release|x86.Build.0 = Release|Any CPU
		{133DDC03-5985-4442-97DC-F193388FAEE0}.Debug|Any CPU.ActiveCfg = Debug|Any CPU
		{133DDC03-5985-4442-97DC-F193388FAEE0}.Debug|Any CPU.Build.0 = Debug|Any CPU
		{133DDC03-5985-4442-97DC-F193388FAEE0}.Debug|x64.ActiveCfg = Debug|Any CPU
		{133DDC03-5985-4442-97DC-F193388FAEE0}.Debug|x64.Build.0 = Debug|Any CPU
		{133DDC03-5985-4442-97DC-F193388FAEE0}.Debug|x86.ActiveCfg = Debug|Any CPU
		{133DDC03-5985-4442-97DC-F193388FAEE0}.Debug|x86.Build.0 = Debug|Any CPU
		{133DDC03-5985-4442-97DC-F193388FAEE0}.Release|Any CPU.ActiveCfg = Release|Any CPU
		{133DDC03-5985-4442-97DC-F193388FAEE0}.Release|Any CPU.Build.0 = Release|Any CPU
		{133DDC03-5985-4442-97DC-F193388FAEE0}.Release|x64.ActiveCfg = Release|Any CPU
		{133DDC03-5985-4442-97DC-F193388FAEE0}.Release|x64.Build.0 = Release|Any CPU
		{133DDC03-5985-4442-97DC-F193388FAEE0}.Release|x86.ActiveCfg = Release|Any CPU
		{133DDC03-5985-4442-97DC-F193388FAEE0}.Release|x86.Build.0 = Release|Any CPU
		{A74C5B01-72EA-4B91-81A5-16C55A80F118}.Debug|Any CPU.ActiveCfg = Debug|Any CPU
		{A74C5B01-72EA-4B91-81A5-16C55A80F118}.Debug|Any CPU.Build.0 = Debug|Any CPU
		{A74C5B01-72EA-4B91-81A5-16C55A80F118}.Debug|x64.ActiveCfg = Debug|Any CPU
		{A74C5B01-72EA-4B91-81A5-16C55A80F118}.Debug|x64.Build.0 = Debug|Any CPU
		{A74C5B01-72EA-4B91-81A5-16C55A80F118}.Debug|x86.ActiveCfg = Debug|Any CPU
		{A74C5B01-72EA-4B91-81A5-16C55A80F118}.Debug|x86.Build.0 = Debug|Any CPU
		{A74C5B01-72EA-4B91-81A5-16C55A80F118}.Release|Any CPU.ActiveCfg = Release|Any CPU
		{A74C5B01-72EA-4B91-81A5-16C55A80F118}.Release|Any CPU.Build.0 = Release|Any CPU
		{A74C5B01-72EA-4B91-81A5-16C55A80F118}.Release|x64.ActiveCfg = Release|Any CPU
		{A74C5B01-72EA-4B91-81A5-16C55A80F118}.Release|x64.Build.0 = Release|Any CPU
		{A74C5B01-72EA-4B91-81A5-16C55A80F118}.Release|x86.ActiveCfg = Release|Any CPU
		{A74C5B01-72EA-4B91-81A5-16C55A80F118}.Release|x86.Build.0 = Release|Any CPU
	EndGlobalSection
	GlobalSection(SolutionProperties) = preSolution
		HideSolutionNode = FALSE
	EndGlobalSection
	GlobalSection(NestedProjects) = preSolution
		{A29C1CBB-B0C5-4B19-A979-3B03BE76E4F7} = {827E0CD3-B72D-47B6-A68D-7590B98EB39B}
		{DCFA6B2B-8FA0-4DF6-B501-CF0B22DB4355} = {827E0CD3-B72D-47B6-A68D-7590B98EB39B}
		{AA2D2FD8-7CEE-4F3A-A68A-5DD39B53A94C} = {827E0CD3-B72D-47B6-A68D-7590B98EB39B}
		{15664290-0B22-4049-ACD9-B4F0E9D23DCB} = {827E0CD3-B72D-47B6-A68D-7590B98EB39B}
		{1C6955A2-04EB-4B14-83C8-E7C5FE43CF77} = {827E0CD3-B72D-47B6-A68D-7590B98EB39B}
		{D86E599C-4691-4EDE-9763-1A66CF294BDC} = {0AB3BF05-4346-4AA6-1389-037BE0695223}
		{3AA7AC41-CB4F-4B70-A838-F2DF05A965C9} = {0AB3BF05-4346-4AA6-1389-037BE0695223}
		{5B212D23-3456-4803-BA59-5A3DD2BC34BF} = {0AB3BF05-4346-4AA6-1389-037BE0695223}
		{133DDC03-5985-4442-97DC-F193388FAEE0} = {0AB3BF05-4346-4AA6-1389-037BE0695223}
		{A74C5B01-72EA-4B91-81A5-16C55A80F118} = {0AB3BF05-4346-4AA6-1389-037BE0695223}
	EndGlobalSection
EndGlobal
