
Microsoft Visual Studio Solution File, Format Version 12.00
# Visual Studio Version 18
VisualStudioVersion = 18.8.12023.21
MinimumVisualStudioVersion = 10.0.40219.1
Project("{FAE04EC0-301F-11D3-BF4B-00C04F79EFBC}") = "Commerce.Api", "Commerce.Api\Commerce.Api.csproj", "{627FDA69-6C81-4623-9D51-56A5542BE619}"
EndProject
Project("{FAE04EC0-301F-11D3-BF4B-00C04F79EFBC}") = "Commerce.Domain", "Commerce.Domain\Commerce.Domain.csproj", "{BE78B8DA-F19D-4845-A448-0A9D746C0A1C}"
EndProject
Project("{FAE04EC0-301F-11D3-BF4B-00C04F79EFBC}") = "Commerce.Application", "Commerce.Application\Commerce.Application.csproj", "{1B5EDDDF-21C5-4AA4-8876-9584D32B7E00}"
EndProject
Project("{FAE04EC0-301F-11D3-BF4B-00C04F79EFBC}") = "Commerce.Infrastructure", "Commerce.Infrastructure\Commerce.Infrastructure.csproj", "{1EB304BE-4A67-46BB-8E5A-307766009CD5}"
EndProject
Global
	GlobalSection(SolutionConfigurationPlatforms) = preSolution
		Debug|Any CPU = Debug|Any CPU
		Release|Any CPU = Release|Any CPU
	EndGlobalSection
	GlobalSection(ProjectConfigurationPlatforms) = postSolution
		{627FDA69-6C81-4623-9D51-56A5542BE619}.Debug|Any CPU.ActiveCfg = Debug|Any CPU
		{627FDA69-6C81-4623-9D51-56A5542BE619}.Debug|Any CPU.Build.0 = Debug|Any CPU
		{627FDA69-6C81-4623-9D51-56A5542BE619}.Release|Any CPU.ActiveCfg = Release|Any CPU
		{627FDA69-6C81-4623-9D51-56A5542BE619}.Release|Any CPU.Build.0 = Release|Any CPU
		{BE78B8DA-F19D-4845-A448-0A9D746C0A1C}.Debug|Any CPU.ActiveCfg = Debug|Any CPU
		{BE78B8DA-F19D-4845-A448-0A9D746C0A1C}.Debug|Any CPU.Build.0 = Debug|Any CPU
		{BE78B8DA-F19D-4845-A448-0A9D746C0A1C}.Release|Any CPU.ActiveCfg = Release|Any CPU
		{BE78B8DA-F19D-4845-A448-0A9D746C0A1C}.Release|Any CPU.Build.0 = Release|Any CPU
		{1B5EDDDF-21C5-4AA4-8876-9584D32B7E00}.Debug|Any CPU.ActiveCfg = Debug|Any CPU
		{1B5EDDDF-21C5-4AA4-8876-9584D32B7E00}.Debug|Any CPU.Build.0 = Debug|Any CPU
		{1B5EDDDF-21C5-4AA4-8876-9584D32B7E00}.Release|Any CPU.ActiveCfg = Release|Any CPU
		{1B5EDDDF-21C5-4AA4-8876-9584D32B7E00}.Release|Any CPU.Build.0 = Release|Any CPU
		{1EB304BE-4A67-46BB-8E5A-307766009CD5}.Debug|Any CPU.ActiveCfg = Debug|Any CPU
		{1EB304BE-4A67-46BB-8E5A-307766009CD5}.Debug|Any CPU.Build.0 = Debug|Any CPU
		{1EB304BE-4A67-46BB-8E5A-307766009CD5}.Release|Any CPU.ActiveCfg = Release|Any CPU
		{1EB304BE-4A67-46BB-8E5A-307766009CD5}.Release|Any CPU.Build.0 = Release|Any CPU
	EndGlobalSection
	GlobalSection(SolutionProperties) = preSolution
		HideSolutionNode = FALSE
	EndGlobalSection
	GlobalSection(ExtensibilityGlobals) = postSolution
		SolutionGuid = {84F5D5FC-5347-4034-8247-7C57B3EE1A5C}
	EndGlobalSection
EndGlobal
